
Microsoft Visual Studio Solution File, Format Version 12.00
# Visual Studio Version 17
VisualStudioVersion = 17.4.33403.182
MinimumVisualStudioVersion = 10.0.40219.1
Project("{9A19103F-16F7-4668-BE54-9A1E7A4F7556}") = "UmbracoOpenAIChatBot", "UmbracoOpenAIChatBot\UmbracoOpenAIChatBot.csproj", "{6D66DA9A-295B-4F46-BDD4-AC8CDB4F6E42}"
EndProject
Project("{9A19103F-16F7-4668-BE54-9A1E7A4F7556}") = "AIServices", "AIServices\AIServices.csproj", "{5C4FF9D5-B3E7-43DE-8B45-73A2DA6DB75C}"
EndProject
Global
	GlobalSection(SolutionConfigurationPlatforms) = preSolution
		Debug|Any CPU = Debug|Any CPU
		Release|Any CPU = Release|Any CPU
	EndGlobalSection
	GlobalSection(ProjectConfigurationPlatforms) = postSolution
		{6D66DA9A-295B-4F46-BDD4-AC8CDB4F6E42}.Debug|Any CPU.ActiveCfg = Debug|Any CPU
		{6D66DA9A-295B-4F46-BDD4-AC8CDB4F6E42}.Debug|Any CPU.Build.0 = Debug|Any CPU
		{6D66DA9A-295B-4F46-BDD4-AC8CDB4F6E42}.Release|Any CPU.ActiveCfg = Release|Any CPU
		{6D66DA9A-295B-4F46-BDD4-AC8CDB4F6E42}.Release|Any CPU.Build.0 = Release|Any CPU
		{5C4FF9D5-B3E7-43DE-8B45-73A2DA6DB75C}.Debug|Any CPU.ActiveCfg = Debug|Any CPU
		{5C4FF9D5-B3E7-43DE-8B45-73A2DA6DB75C}.Debug|Any CPU.Build.0 = Debug|Any CPU
		{5C4FF9D5-B3E7-43DE-8B45-73A2DA6DB75C}.Release|Any CPU.ActiveCfg = Release|Any CPU
		{5C4FF9D5-B3E7-43DE-8B45-73A2DA6DB75C}.Release|Any CPU.Build.0 = Release|Any CPU
	EndGlobalSection
	GlobalSection(SolutionProperties) = preSolution
		HideSolutionNode = FALSE
	EndGlobalSection
	GlobalSection(ExtensibilityGlobals) = postSolution
		SolutionGuid = {258A27A2-0DCF-4F76-92D9-BC8230060229}
	EndGlobalSection
EndGlobal
